
Microsoft Visual Studio Solution File, Format Version 12.00
# Visual Studio Version 16
VisualStudioVersion = 16.0.31729.503
MinimumVisualStudioVersion = 10.0.40219.1
Project("{FAE04EC0-301F-11D3-BF4B-00C04F79EFBC}") = "Shapes", "Shapes\Shapes.csproj", "{148A86C3-FCCF-4418-9DDA-75C90549B223}"
EndProject
Project("{FAE04EC0-301F-11D3-BF4B-00C04F79EFBC}") = "Cars", "Cars\Cars.csproj", "{89E47FA8-01CD-4A58-B37D-BF93E293896B}"
EndProject
Global
	GlobalSection(SolutionConfigurationPlatforms) = preSolution
		Debug|Any CPU = Debug|Any CPU
		Release|Any CPU = Release|Any CPU
	EndGlobalSection
	GlobalSection(ProjectConfigurationPlatforms) = postSolution
		{148A86C3-FCCF-4418-9DDA-75C90549B223}.Debug|Any CPU.ActiveCfg = Debug|Any CPU
		{148A86C3-FCCF-4418-9DDA-75C90549B223}.Debug|Any CPU.Build.0 = Debug|Any CPU
		{148A86C3-FCCF-4418-9DDA-75C90549B223}.Release|Any CPU.ActiveCfg = Release|Any CPU
		{148A86C3-FCCF-4418-9DDA-75C90549B223}.Release|Any CPU.Build.0 = Release|Any CPU
		{89E47FA8-01CD-4A58-B37D-BF93E293896B}.Debug|Any CPU.ActiveCfg = Debug|Any CPU
		{89E47FA8-01CD-4A58-B37D-BF93E293896B}.Debug|Any CPU.Build.0 = Debug|Any CPU
		{89E47FA8-01CD-4A58-B37D-BF93E293896B}.Release|Any CPU.ActiveCfg = Release|Any CPU
		{89E47FA8-01CD-4A58-B37D-BF93E293896B}.Release|Any CPU.Build.0 = Release|Any CPU
	EndGlobalSection
	GlobalSection(SolutionProperties) = preSolution
		HideSolutionNode = FALSE
	EndGlobalSection
	GlobalSection(ExtensibilityGlobals) = postSolution
		SolutionGuid = {17424E02-38D1-4EC4-B8BC-499B0367442B}
	EndGlobalSection
EndGlobal
