
Microsoft Visual Studio Solution File, Format Version 12.00
# Visual Studio Version 16
VisualStudioVersion = 16.0.31729.503
MinimumVisualStudioVersion = 10.0.40219.1
Project("{FAE04EC0-301F-11D3-BF4B-00C04F79EFBC}") = "CustomStack", "CustomStack\CustomStack.csproj", "{1D178822-D883-41F6-A889-3722C3BFCFE1}"
EndProject
Global
	GlobalSection(SolutionConfigurationPlatforms) = preSolution
		Debug|Any CPU = Debug|Any CPU
		Release|Any CPU = Release|Any CPU
	EndGlobalSection
	GlobalSection(ProjectConfigurationPlatforms) = postSolution
		{1D178822-D883-41F6-A889-3722C3BFCFE1}.Debug|Any CPU.ActiveCfg = Debug|Any CPU
		{1D178822-D883-41F6-A889-3722C3BFCFE1}.Debug|Any CPU.Build.0 = Debug|Any CPU
		{1D178822-D883-41F6-A889-3722C3BFCFE1}.Release|Any CPU.ActiveCfg = Release|Any CPU
		{1D178822-D883-41F6-A889-3722C3BFCFE1}.Release|Any CPU.Build.0 = Release|Any CPU
	EndGlobalSection
	GlobalSection(SolutionProperties) = preSolution
		HideSolutionNode = FALSE
	EndGlobalSection
	GlobalSection(ExtensibilityGlobals) = postSolution
		SolutionGuid = {C237F38A-8503-44F4-8CE6-965C79831EC8}
	EndGlobalSection
EndGlobal
