
Microsoft Visual Studio Solution File, Format Version 12.00
# Visual Studio Version 16
VisualStudioVersion = 16.0.31729.503
MinimumVisualStudioVersion = 10.0.40219.1
Project("{FAE04EC0-301F-11D3-BF4B-00C04F79EFBC}") = "PersonsInfo", "PersonsInfo\PersonsInfo.csproj", "{AF07AE8D-3198-4BBB-867A-CCF183ADA799}"
EndProject
Global
	GlobalSection(SolutionConfigurationPlatforms) = preSolution
		Debug|Any CPU = Debug|Any CPU
		Release|Any CPU = Release|Any CPU
	EndGlobalSection
	GlobalSection(ProjectConfigurationPlatforms) = postSolution
		{AF07AE8D-3198-4BBB-867A-CCF183ADA799}.Debug|Any CPU.ActiveCfg = Debug|Any CPU
		{AF07AE8D-3198-4BBB-867A-CCF183ADA799}.Debug|Any CPU.Build.0 = Debug|Any CPU
		{AF07AE8D-3198-4BBB-867A-CCF183ADA799}.Release|Any CPU.ActiveCfg = Release|Any CPU
		{AF07AE8D-3198-4BBB-867A-CCF183ADA799}.Release|Any CPU.Build.0 = Release|Any CPU
	EndGlobalSection
	GlobalSection(SolutionProperties) = preSolution
		HideSolutionNode = FALSE
	EndGlobalSection
	GlobalSection(ExtensibilityGlobals) = postSolution
		SolutionGuid = {4FFAC9EB-B0A6-48C8-BD02-0DF572B0FD65}
	EndGlobalSection
EndGlobal
