
Microsoft Visual Studio Solution File, Format Version 12.00
# Visual Studio Version 16
VisualStudioVersion = 16.0.31729.503
MinimumVisualStudioVersion = 10.0.40219.1
Project("{FAE04EC0-301F-11D3-BF4B-00C04F79EFBC}") = "SquareRoot", "SquareRoot\SquareRoot.csproj", "{BF80D331-9469-4F03-8E39-2051C4E543A6}"
EndProject
Project("{FAE04EC0-301F-11D3-BF4B-00C04F79EFBC}") = "EnterNumbers", "EnterNumbers\EnterNumbers.csproj", "{4E15A4FA-CFFA-4302-A088-A6550D90CF86}"
EndProject
Project("{FAE04EC0-301F-11D3-BF4B-00C04F79EFBC}") = "ValidPerson", "ValidPerson\ValidPerson.csproj", "{58E80957-DE58-41E7-9C4C-8161F5B26CC2}"
EndProject
Global
	GlobalSection(SolutionConfigurationPlatforms) = preSolution
		Debug|Any CPU = Debug|Any CPU
		Release|Any CPU = Release|Any CPU
	EndGlobalSection
	GlobalSection(ProjectConfigurationPlatforms) = postSolution
		{BF80D331-9469-4F03-8E39-2051C4E543A6}.Debug|Any CPU.ActiveCfg = Debug|Any CPU
		{BF80D331-9469-4F03-8E39-2051C4E543A6}.Debug|Any CPU.Build.0 = Debug|Any CPU
		{BF80D331-9469-4F03-8E39-2051C4E543A6}.Release|Any CPU.ActiveCfg = Release|Any CPU
		{BF80D331-9469-4F03-8E39-2051C4E543A6}.Release|Any CPU.Build.0 = Release|Any CPU
		{4E15A4FA-CFFA-4302-A088-A6550D90CF86}.Debug|Any CPU.ActiveCfg = Debug|Any CPU
		{4E15A4FA-CFFA-4302-A088-A6550D90CF86}.Debug|Any CPU.Build.0 = Debug|Any CPU
		{4E15A4FA-CFFA-4302-A088-A6550D90CF86}.Release|Any CPU.ActiveCfg = Release|Any CPU
		{4E15A4FA-CFFA-4302-A088-A6550D90CF86}.Release|Any CPU.Build.0 = Release|Any CPU
		{58E80957-DE58-41E7-9C4C-8161F5B26CC2}.Debug|Any CPU.ActiveCfg = Debug|Any CPU
		{58E80957-DE58-41E7-9C4C-8161F5B26CC2}.Debug|Any CPU.Build.0 = Debug|Any CPU
		{58E80957-DE58-41E7-9C4C-8161F5B26CC2}.Release|Any CPU.ActiveCfg = Release|Any CPU
		{58E80957-DE58-41E7-9C4C-8161F5B26CC2}.Release|Any CPU.Build.0 = Release|Any CPU
	EndGlobalSection
	GlobalSection(SolutionProperties) = preSolution
		HideSolutionNode = FALSE
	EndGlobalSection
	GlobalSection(ExtensibilityGlobals) = postSolution
		SolutionGuid = {2BADF197-82EC-4345-BC61-0BB3503E0D31}
	EndGlobalSection
EndGlobal
